
Microsoft Visual Studio Solution File, Format Version 12.00
Project("{FAE04EC0-301F-11D3-BF4B-00C04F79EFBC}") = "FeeEngineDemo", "FeeEngineDemo\FeeEngineDemo.csproj", "{F80E0716-E4A8-412C-9F5D-619BA9922A97}"
EndProject
Global
	GlobalSection(SolutionConfigurationPlatforms) = preSolution
		Debug|Any CPU = Debug|Any CPU
		Release|Any CPU = Release|Any CPU
	EndGlobalSection
	GlobalSection(ProjectConfigurationPlatforms) = postSolution
		{F80E0716-E4A8-412C-9F5D-619BA9922A97}.Debug|Any CPU.ActiveCfg = Debug|Any CPU
		{F80E0716-E4A8-412C-9F5D-619BA9922A97}.Debug|Any CPU.Build.0 = Debug|Any CPU
		{F80E0716-E4A8-412C-9F5D-619BA9922A97}.Release|Any CPU.ActiveCfg = Release|Any CPU
		{F80E0716-E4A8-412C-9F5D-619BA9922A97}.Release|Any CPU.Build.0 = Release|Any CPU
	EndGlobalSection
EndGlobal
